Microsoft Visual Studio Solution File, Format Version 8.00
Project("{8BC9CEB8-8B4A-11D0-8D11-00A0C91BC942}") = "mymodule", "mymodule.vcproj", "{B89248A1-9FC0-48CF-B4E0-7B5CB235F27F}"
	ProjectSection(ProjectDependencies) = postProject
	EndProjectSection
EndProject
Global
	GlobalSection(SolutionConfiguration) = preSolution
		Debug = Debug
		Release = Release
	EndGlobalSection
	GlobalSection(ProjectConfiguration) = postSolution
		{B89248A1-9FC0-48CF-B4E0-7B5CB235F27F}.Debug.ActiveCfg = Debug|Win32
		{B89248A1-9FC0-48CF-B4E0-7B5CB235F27F}.Debug.Build.0 = Debug|Win32
		{B89248A1-9FC0-48CF-B4E0-7B5CB235F27F}.Release.ActiveCfg = Release|Win32
		{B89248A1-9FC0-48CF-B4E0-7B5CB235F27F}.Release.Build.0 = Release|Win32
	EndGlobalSection
	GlobalSection(ExtensibilityGlobals) = postSolution
	EndGlobalSection
	GlobalSection(ExtensibilityAddIns) = postSolution
	EndGlobalSection
EndGlobal
